{
  "name": "examples",
  "version": "1.0.0",
  "lockfileVersion": 3,
  "requires": true,
  "packages": {
    "": {
      "name": "examples",
      "version": "1.0.0",
      "license": "ISC",
      "dependencies": {
        "digilocker-sdk": "^0.1.0"
      }
    },
    "node_modules/digilocker-sdk": {
      "version": "0.1.0",
      "resolved": "https://registry.npmjs.org/digilocker-sdk/-/digilocker-sdk-0.1.0.tgz",
      "integrity": "sha512-I7GL8KJSSRTVE8YMZ3MdNuCMCorh+vUnQYbNvLTZgHsnrpCYEzdvMfLEhL/ArTcOgHEUFMNrDZ9cwAkaaT4iaw==",
      "engines": {
        "node": ">=10"
      }
    }
  }
}
